
Microsoft Visual Studio Solution File, Format Version 12.00
# Visual Studio Version 17
VisualStudioVersion = 17.4.33205.214
MinimumVisualStudioVersion = 10.0.40219.1
Project("{FAE04EC0-301F-11D3-BF4B-00C04F79EFBC}") = "LabelImage", "LabelImage\LabelImage.csproj", "{19E78F97-2676-4196-A9C5-C018144C2572}"
EndProject
Project("{FAE04EC0-301F-11D3-BF4B-00C04F79EFBC}") = "LabelImageLibrary", "LabelImageLibrary\LabelImageLibrary.csproj", "{71DC82D0-91A6-4617-A03A-6991F84B7ECD}"
EndProject
Global
	GlobalSection(SolutionConfigurationPlatforms) = preSolution
		Debug|Any CPU = Debug|Any CPU
		Release|Any CPU = Release|Any CPU
	EndGlobalSection
	GlobalSection(ProjectConfigurationPlatforms) = postSolution
		{19E78F97-2676-4196-A9C5-C018144C2572}.Debug|Any CPU.ActiveCfg = Debug|Any CPU
		{19E78F97-2676-4196-A9C5-C018144C2572}.Debug|Any CPU.Build.0 = Debug|Any CPU
		{19E78F97-2676-4196-A9C5-C018144C2572}.Release|Any CPU.ActiveCfg = Release|Any CPU
		{19E78F97-2676-4196-A9C5-C018144C2572}.Release|Any CPU.Build.0 = Release|Any CPU
		{71DC82D0-91A6-4617-A03A-6991F84B7ECD}.Debug|Any CPU.ActiveCfg = Debug|Any CPU
		{71DC82D0-91A6-4617-A03A-6991F84B7ECD}.Debug|Any CPU.Build.0 = Debug|Any CPU
		{71DC82D0-91A6-4617-A03A-6991F84B7ECD}.Release|Any CPU.ActiveCfg = Release|Any CPU
		{71DC82D0-91A6-4617-A03A-6991F84B7ECD}.Release|Any CPU.Build.0 = Release|Any CPU
	EndGlobalSection
	GlobalSection(SolutionProperties) = preSolution
		HideSolutionNode = FALSE
	EndGlobalSection
	GlobalSection(ExtensibilityGlobals) = postSolution
		SolutionGuid = {A8807A57-9F47-4689-A44E-9595717A538A}
	EndGlobalSection
EndGlobal
